
Microsoft Visual Studio Solution File, Format Version 12.00
# Visual Studio 15
VisualStudioVersion = 15.0.26430.15
MinimumVisualStudioVersion = 10.0.40219.1
Project("{FAE04EC0-301F-11D3-BF4B-00C04F79EFBC}") = "App1_onBadPC", "App1_onBadPC\App1_onBadPC.csproj", "{70E1EC6C-0753-485F-8ED1-86BC4B2967E1}"
EndProject
Global
	GlobalSection(SolutionConfigurationPlatforms) = preSolution
		Debug|ARM = Debug|ARM
		Debug|x64 = Debug|x64
		Debug|x86 = Debug|x86
		Release|ARM = Release|ARM
		Release|x64 = Release|x64
		Release|x86 = Release|x86
	EndGlobalSection
	GlobalSection(ProjectConfigurationPlatforms) = postSolution
		{70E1EC6C-0753-485F-8ED1-86BC4B2967E1}.Debug|ARM.ActiveCfg = Debug|ARM
		{70E1EC6C-0753-485F-8ED1-86BC4B2967E1}.Debug|ARM.Build.0 = Debug|ARM
		{70E1EC6C-0753-485F-8ED1-86BC4B2967E1}.Debug|ARM.Deploy.0 = Debug|ARM
		{70E1EC6C-0753-485F-8ED1-86BC4B2967E1}.Debug|x64.ActiveCfg = Debug|x64
		{70E1EC6C-0753-485F-8ED1-86BC4B2967E1}.Debug|x64.Build.0 = Debug|x64
		{70E1EC6C-0753-485F-8ED1-86BC4B2967E1}.Debug|x64.Deploy.0 = Debug|x64
		{70E1EC6C-0753-485F-8ED1-86BC4B2967E1}.Debug|x86.ActiveCfg = Debug|x86
		{70E1EC6C-0753-485F-8ED1-86BC4B2967E1}.Debug|x86.Build.0 = Debug|x86
		{70E1EC6C-0753-485F-8ED1-86BC4B2967E1}.Debug|x86.Deploy.0 = Debug|x86
		{70E1EC6C-0753-485F-8ED1-86BC4B2967E1}.Release|ARM.ActiveCfg = Release|ARM
		{70E1EC6C-0753-485F-8ED1-86BC4B2967E1}.Release|ARM.Build.0 = Release|ARM
		{70E1EC6C-0753-485F-8ED1-86BC4B2967E1}.Release|ARM.Deploy.0 = Release|ARM
		{70E1EC6C-0753-485F-8ED1-86BC4B2967E1}.Release|x64.ActiveCfg = Release|x64
		{70E1EC6C-0753-485F-8ED1-86BC4B2967E1}.Release|x64.Build.0 = Release|x64
		{70E1EC6C-0753-485F-8ED1-86BC4B2967E1}.Release|x64.Deploy.0 = Release|x64
		{70E1EC6C-0753-485F-8ED1-86BC4B2967E1}.Release|x86.ActiveCfg = Release|x86
		{70E1EC6C-0753-485F-8ED1-86BC4B2967E1}.Release|x86.Build.0 = Release|x86
		{70E1EC6C-0753-485F-8ED1-86BC4B2967E1}.Release|x86.Deploy.0 = Release|x86
	EndGlobalSection
	GlobalSection(SolutionProperties) = preSolution
		HideSolutionNode = FALSE
	EndGlobalSection
EndGlobal
